
Microsoft Visual Studio Solution File, Format Version 12.00
# Visual Studio Version 17
VisualStudioVersion = 17.3.32929.385
MinimumVisualStudioVersion = 10.0.40219.1
Project("{FAE04EC0-301F-11D3-BF4B-00C04F79EFBC}") = "ClosedXML Pratice", "ClosedXML Pratice\ClosedXML Pratice.csproj", "{9A3AACBB-346B-4F2B-827A-4631EE7F3E79}"
EndProject
Global
	GlobalSection(SolutionConfigurationPlatforms) = preSolution
		Debug|Any CPU = Debug|Any CPU
		Release|Any CPU = Release|Any CPU
	EndGlobalSection
	GlobalSection(ProjectConfigurationPlatforms) = postSolution
		{9A3AACBB-346B-4F2B-827A-4631EE7F3E79}.Debug|Any CPU.ActiveCfg = Debug|Any CPU
		{9A3AACBB-346B-4F2B-827A-4631EE7F3E79}.Debug|Any CPU.Build.0 = Debug|Any CPU
		{9A3AACBB-346B-4F2B-827A-4631EE7F3E79}.Release|Any CPU.ActiveCfg = Release|Any CPU
		{9A3AACBB-346B-4F2B-827A-4631EE7F3E79}.Release|Any CPU.Build.0 = Release|Any CPU
	EndGlobalSection
	GlobalSection(SolutionProperties) = preSolution
		HideSolutionNode = FALSE
	EndGlobalSection
	GlobalSection(ExtensibilityGlobals) = postSolution
		SolutionGuid = {EEE3CC04-3CB2-4644-AA16-1B5CFD2DA8B7}
	EndGlobalSection
EndGlobal
